
Microsoft Visual Studio Solution File, Format Version 12.00
# Visual Studio Version 16
VisualStudioVersion = 16.0.29920.165
MinimumVisualStudioVersion = 10.0.40219.1
Project("{FAE04EC0-301F-11D3-BF4B-00C04F79EFBC}") = "LeerMayusculasyMinusculas", "LeerMayusculasyMinusculas\LeerMayusculasyMinusculas.csproj", "{F03EDDE6-7153-4F56-8B8C-67FD7683C86A}"
EndProject
Global
	GlobalSection(SolutionConfigurationPlatforms) = preSolution
		Debug|Any CPU = Debug|Any CPU
		Release|Any CPU = Release|Any CPU
	EndGlobalSection
	GlobalSection(ProjectConfigurationPlatforms) = postSolution
		{F03EDDE6-7153-4F56-8B8C-67FD7683C86A}.Debug|Any CPU.ActiveCfg = Debug|Any CPU
		{F03EDDE6-7153-4F56-8B8C-67FD7683C86A}.Debug|Any CPU.Build.0 = Debug|Any CPU
		{F03EDDE6-7153-4F56-8B8C-67FD7683C86A}.Release|Any CPU.ActiveCfg = Release|Any CPU
		{F03EDDE6-7153-4F56-8B8C-67FD7683C86A}.Release|Any CPU.Build.0 = Release|Any CPU
	EndGlobalSection
	GlobalSection(SolutionProperties) = preSolution
		HideSolutionNode = FALSE
	EndGlobalSection
	GlobalSection(ExtensibilityGlobals) = postSolution
		SolutionGuid = {8469D48D-E1A3-41DC-B9EC-74D5E47874C6}
	EndGlobalSection
EndGlobal
